{
  "lockfile_version": "1",
  "packages": {
    "github:NixOS/nixpkgs/nixpkgs-unstable": {
      "resolved": "github:NixOS/nixpkgs/ceb24d94c6feaa4e8737a8e2bd3cf71c3a7eaaa0?lastModified=1751786137&narHash=sha256-lIlUKVGCGsh0Q2EA7%2F6xRtKUZjaQ%2Fur8uUyY%2BMynHXQ%3D"
    },
    "go@1.23": {
      "last_modified": "2024-11-28T07:51:56Z",
      "resolved": "github:NixOS/nixpkgs/226216574ada4c3ecefcbbec41f39ce4655f78ef#go",
      "source": "devbox-search",
      "version": "1.23.3",
      "systems": {
        "aarch64-darwin": {
          "outputs": [
            {
              "name": "out",
              "path": "/nix/store/qrj2wp6vzfpjfrrlcmr22818zg83fb73-go-1.23.3",
              "default": true
            }
          ],
          "store_path": "/nix/store/qrj2wp6vzfpjfrrlcmr22818zg83fb73-go-1.23.3"
        },
        "aarch64-linux": {
          "outputs": [
            {
              "name": "out",
              "path": "/nix/store/dm66qyl19skrwcmk4rb9xcs64xc1d071-go-1.23.3",
              "default": true
            }
          ],
          "store_path": "/nix/store/dm66qyl19skrwcmk4rb9xcs64xc1d071-go-1.23.3"
        },
        "x86_64-darwin": {
          "outputs": [
            {
              "name": "out",
              "path": "/nix/store/vkjn6njpz4gy5ma763vh8hh93bgjwycr-go-1.23.3",
              "default": true
            }
          ],
          "store_path": "/nix/store/vkjn6njpz4gy5ma763vh8hh93bgjwycr-go-1.23.3"
        },
        "x86_64-linux": {
          "outputs": [
            {
              "name": "out",
              "path": "/nix/store/bavnchxi7v6xs077jxv7fl5rrqc3y87w-go-1.23.3",
              "default": true
            }
          ],
          "store_path": "/nix/store/bavnchxi7v6xs077jxv7fl5rrqc3y87w-go-1.23.3"
        }
      }
    },
    "skaffold@latest": {
      "last_modified": "2025-02-23T09:42:26Z",
      "resolved": "github:NixOS/nixpkgs/2d068ae5c6516b2d04562de50a58c682540de9bf#skaffold",
      "source": "devbox-search",
      "version": "2.14.1",
      "systems": {
        "aarch64-darwin": {
          "outputs": [
            {
              "name": "out",
              "path": "/nix/store/8jql3mdpajkqcigpa6znxz2k9zvk8ann-skaffold-2.14.1",
              "default": true
            }
          ],
          "store_path": "/nix/store/8jql3mdpajkqcigpa6znxz2k9zvk8ann-skaffold-2.14.1"
        },
        "aarch64-linux": {
          "outputs": [
            {
              "name": "out",
              "path": "/nix/store/1ql2gn2y04vz37h5wyf7qqlxb0frvff8-skaffold-2.14.1",
              "default": true
            }
          ],
          "store_path": "/nix/store/1ql2gn2y04vz37h5wyf7qqlxb0frvff8-skaffold-2.14.1"
        },
        "x86_64-darwin": {
          "outputs": [
            {
              "name": "out",
              "path": "/nix/store/q1mgcgh11sd7q50f3y2cg5ixahlh2ayn-skaffold-2.14.1",
              "default": true
            }
          ],
          "store_path": "/nix/store/q1mgcgh11sd7q50f3y2cg5ixahlh2ayn-skaffold-2.14.1"
        },
        "x86_64-linux": {
          "outputs": [
            {
              "name": "out",
              "path": "/nix/store/3j28jvb4j09vf2dvwy625lvzvs9skimg-skaffold-2.14.1",
              "default": true
            }
          ],
          "store_path": "/nix/store/3j28jvb4j09vf2dvwy625lvzvs9skimg-skaffold-2.14.1"
        }
      }
    }
  }
}
